// !$*UTF8*$!
{
	archiveVersion = 1;
	classes = {
	};
	objectVersion = 50;
	objects = {

/* Begin PBXBuildFile section */
		89CE63B924C068840036C9AD /* AppDelegate.swift in Sources */ = {isa = PBXBuildFile; fileRef = 89CE63B824C068840036C9AD /* AppDelegate.swift */; };
		89CE63BB24C068840036C9AD /* SceneDelegate.swift in Sources */ = {isa = PBXBuildFile; fileRef = 89CE63BA24C068840036C9AD /* SceneDelegate.swift */; };
		89CE63BD24C068840036C9AD /* ViewController.swift in Sources */ = {isa = PBXBuildFile; fileRef = 89CE63BC24C068840036C9AD /* ViewController.swift */; };
		89CE63C024C068840036C9AD /* Main.storyboard in Resources */ = {isa = PBXBuildFile; fileRef = 89CE63BE24C068840036C9AD /* Main.storyboard */; };
		89CE63C224C068860036C9AD /* Assets.xcassets in Resources */ = {isa = PBXBuildFile; fileRef = 89CE63C124C068860036C9AD /* Assets.xcassets */; };
		89CE63C524C068860036C9AD /* LaunchScreen.storyboard in Resources */ = {isa = PBXBuildFile; fileRef = 89CE63C324C068860036C9AD /* LaunchScreen.storyboard */; };
		89CE63D224C06BE40036C9AD /* factorial.c in Sources */ = {isa = PBXBuildFile; fileRef = 89CE63D124C06BE40036C9AD /* factorial.c */; };
/* End PBXBuildFile section */

/* Begin PBXFileReference section */
		89CE63B524C068840036C9AD /* CExample.app */ = {isa = PBXFileReference; explicitFileType = wrapper.application; includeInIndex = 0; path = CExample.app; sourceTree = BUILT_PRODUCTS_DIR; };
		89CE63B824C068840036C9AD /* AppDelegate.swift */ = {isa = PBXFileReference; lastKnownFileType = sourcecode.swift; path = AppDelegate.swift; sourceTree = "<group>"; };
		89CE63BA24C068840036C9AD /* SceneDelegate.swift */ = {isa = PBXFileReference; lastKnownFileType = sourcecode.swift; path = SceneDelegate.swift; sourceTree = "<group>"; };
		89CE63BC24C068840036C9AD /* ViewController.swift */ = {isa = PBXFileReference; lastKnownFileType = sourcecode.swift; path = ViewController.swift; sourceTree = "<group>"; };
		89CE63BF24C068840036C9AD /* Base */ = {isa = PBXFileReference; lastKnownFileType = file.storyboard; name = Base; path = Base.lproj/Main.storyboard; sourceTree = "<group>"; };
		89CE63C124C068860036C9AD /* Assets.xcassets */ = {isa = PBXFileReference; lastKnownFileType = folder.assetcatalog; path = Assets.xcassets; sourceTree = "<group>"; };
		89CE63C424C068860036C9AD /* Base */ = {isa = PBXFileReference; lastKnownFileType = file.storyboard; name = Base; path = Base.lproj/LaunchScreen.storyboard; sourceTree = "<group>"; };
		89CE63C624C068860036C9AD /* Info.plist */ = {isa = PBXFileReference; lastKnownFileType = text.plist.xml; path = Info.plist; sourceTree = "<group>"; };
		89CE63CC24C068A40036C9AD /* CExample-Bridging-Header.h */ = {isa = PBXFileReference; lastKnownFileType = sourcecode.c.h; path = "CExample-Bridging-Header.h"; sourceTree = "<group>"; };
		89CE63D024C06BE40036C9AD /* factorial.h */ = {isa = PBXFileReference; lastKnownFileType = sourcecode.c.h; path = factorial.h; sourceTree = "<group>"; };
		89CE63D124C06BE40036C9AD /* factorial.c */ = {isa = PBXFileReference; lastKnownFileType = sourcecode.c.c; path = factorial.c; sourceTree = "<group>"; };
/* End PBXFileReference section */

/* Begin PBXFrameworksBuildPhase section */
		89CE63B224C068840036C9AD /* Frameworks */ = {
			isa = PBXFrameworksBuildPhase;
			buildActionMask = 2147483647;
			files = (
			);
			runOnlyForDeploymentPostprocessing = 0;
		};
/* End PBXFrameworksBuildPhase section */

/* Begin PBXGroup section */
		89CE63AC24C068840036C9AD = {
			isa = PBXGroup;
			children = (
				89CE63B724C068840036C9AD /* CExample */,
				89CE63B624C068840036C9AD /* Products */,
			);
			sourceTree = "<group>";
		};
		89CE63B624C068840036C9AD /* Products */ = {
			isa = PBXGroup;
			children = (
				89CE63B524C068840036C9AD /* CExample.app */,
			);
			name = Products;
			sourceTree = "<group>";
		};
		89CE63B724C068840036C9AD /* CExample */ = {
			isa = PBXGroup;
			children = (
				89CE63B824C068840036C9AD /* AppDelegate.swift */,
				89CE63BA24C068840036C9AD /* SceneDelegate.swift */,
				89CE63BC24C068840036C9AD /* ViewController.swift */,
				89CE63BE24C068840036C9AD /* Main.storyboard */,
				89CE63C124C068860036C9AD /* Assets.xcassets */,
				89CE63C324C068860036C9AD /* LaunchScreen.storyboard */,
				89CE63C624C068860036C9AD /* Info.plist */,
				89CE63CC24C068A40036C9AD /* CExample-Bridging-Header.h */,
				89CE63D024C06BE40036C9AD /* factorial.h */,
				89CE63D124C06BE40036C9AD /* factorial.c */,
			);
			path = CExample;
			sourceTree = "<group>";
		};
/* End PBXGroup section */

/* Begin PBXNativeTarget section */
		89CE63B424C068840036C9AD /* CExample */ = {
			isa = PBXNativeTarget;
			buildConfigurationList = 89CE63C924C068860036C9AD /* Build configuration list for PBXNativeTarget "CExample" */;
			buildPhases = (
				89CE63B124C068840036C9AD /* Sources */,
				89CE63B224C068840036C9AD /* Frameworks */,
				89CE63B324C068840036C9AD /* Resources */,
			);
			buildRules = (
			);
			dependencies = (
			);
			name = CExample;
			productName = CExample;
			productReference = 89CE63B524C068840036C9AD /* CExample.app */;
			productType = "com.apple.product-type.application";
		};
/* End PBXNativeTarget section */

/* Begin PBXProject section */
		89CE63AD24C068840036C9AD /* Project object */ = {
			isa = PBXProject;
			attributes = {
				LastSwiftUpdateCheck = 1150;
				LastUpgradeCheck = 1150;
				ORGANIZATIONNAME = "Tausif Rana";
				TargetAttributes = {
					89CE63B424C068840036C9AD = {
						CreatedOnToolsVersion = 11.5;
						LastSwiftMigration = 1150;
					};
				};
			};
			buildConfigurationList = 89CE63B024C068840036C9AD /* Build configuration list for PBXProject "CExample" */;
			compatibilityVersion = "Xcode 9.3";
			developmentRegion = en;
			hasScannedForEncodings = 0;
			knownRegions = (
				en,
				Base,
			);
			mainGroup = 89CE63AC24C068840036C9AD;
			productRefGroup = 89CE63B624C068840036C9AD /* Products */;
			projectDirPath = "";
			projectRoot = "";
			targets = (
				89CE63B424C068840036C9AD /* CExample */,
			);
		};
/* End PBXProject section */

/* Begin PBXResourcesBuildPhase section */
		89CE63B324C068840036C9AD /* Resources */ = {
			isa = PBXResourcesBuildPhase;
			buildActionMask = 2147483647;
			files = (
				89CE63C524C068860036C9AD /* LaunchScreen.storyboard in Resources */,
				89CE63C224C068860036C9AD /* Assets.xcassets in Resources */,
				89CE63C024C068840036C9AD /* Main.storyboard in Resources */,
			);
			runOnlyForDeploymentPostprocessing = 0;
		};
/* End PBXResourcesBuildPhase section */

/* Begin PBXSourcesBuildPhase section */
		89CE63B124C068840036C9AD /* Sources */ = {
			isa = PBXSourcesBuildPhase;
			buildActionMask = 2147483647;
			files = (
				89CE63BD24C068840036C9AD /* ViewController.swift in Sources */,
				89CE63D224C06BE40036C9AD /* factorial.c in Sources */,
				89CE63B924C068840036C9AD /* AppDelegate.swift in Sources */,
				89CE63BB24C068840036C9AD /* SceneDelegate.swift in Sources */,
			);
			runOnlyForDeploymentPostprocessing = 0;
		};
/* End PBXSourcesBuildPhase section */

/* Begin PBXVariantGroup section */
		89CE63BE24C068840036C9AD /* Main.storyboard */ = {
			isa = PBXVariantGroup;
			children = (
				89CE63BF24C068840036C9AD /* Base */,
			);
			name = Main.storyboard;
			sourceTree = "<group>";
		};
		89CE63C324C068860036C9AD /* LaunchScreen.storyboard */ = {
			isa = PBXVariantGroup;
			children = (
				89CE63C424C068860036C9AD /* Base */,
			);
			name = LaunchScreen.storyboard;
			sourceTree = "<group>";
		};
/* End PBXVariantGroup section */

/* Begin XCBuildConfiguration section */
		89CE63C724C068860036C9AD /* Debug */ = {
			isa = XCBuildConfiguration;
			buildSettings = {
				ALWAYS_SEARCH_USER_PATHS = NO;
				CLANG_ANALYZER_NONNULL = YES;
				CLANG_ANALYZER_NUMBER_OBJECT_CONVERSION = YES_AGGRESSIVE;
				CLANG_CXX_LANGUAGE_STANDARD = "gnu++14";
				CLANG_CXX_LIBRARY = "libc++";
				CLANG_ENABLE_MODULES = YES;
				CLANG_ENABLE_OBJC_ARC = YES;
				CLANG_ENABLE_OBJC_WEAK = YES;
				CLANG_WARN_BLOCK_CAPTURE_AUTORELEASING = YES;
				CLANG_WARN_BOOL_CONVERSION = YES;
				CLANG_WARN_COMMA = YES;
				CLANG_WARN_CONSTANT_CONVERSION = YES;
				CLANG_WARN_DEPRECATED_OBJC_IMPLEMENTATIONS = YES;
				CLANG_WARN_DIRECT_OBJC_ISA_USAGE = YES_ERROR;
				CLANG_WARN_DOCUMENTATION_COMMENTS = YES;
				CLANG_WARN_EMPTY_BODY = YES;
				CLANG_WARN_ENUM_CONVERSION = YES;
				CLANG_WARN_INFINITE_RECURSION = YES;
				CLANG_WARN_INT_CONVERSION = YES;
				CLANG_WARN_NON_LITERAL_NULL_CONVERSION = YES;
				CLANG_WARN_OBJC_IMPLICIT_RETAIN_SELF = YES;
				CLANG_WARN_OBJC_LITERAL_CONVERSION = YES;
				CLANG_WARN_OBJC_ROOT_CLASS = YES_ERROR;
				CLANG_WARN_RANGE_LOOP_ANALYSIS = YES;
				CLANG_WARN_STRICT_PROTOTYPES = YES;
				CLANG_WARN_SUSPICIOUS_MOVE = YES;
				CLANG_WARN_UNGUARDED_AVAILABILITY = YES_AGGRESSIVE;
				CLANG_WARN_UNREACHABLE_CODE = YES;
				CLANG_WARN__DUPLICATE_METHOD_MATCH = YES;
				COPY_PHASE_STRIP = NO;
				DEBUG_INFORMATION_FORMAT = dwarf;
				ENABLE_STRICT_OBJC_MSGSEND = YES;
				ENABLE_TESTABILITY = YES;
				GCC_C_LANGUAGE_STANDARD = gnu11;
				GCC_DYNAMIC_NO_PIC = NO;
				GCC_NO_COMMON_BLOCKS = YES;
				GCC_OPTIMIZATION_LEVEL = 0;
				GCC_PREPROCESSOR_DEFINITIONS = (
					"DEBUG=1",
					"$(inherited)",
				);
				GCC_WARN_64_TO_32_BIT_CONVERSION = YES;
				GCC_WARN_ABOUT_RETURN_TYPE = YES_ERROR;
				GCC_WARN_UNDECLARED_SELECTOR = YES;
				GCC_WARN_UNINITIALIZED_AUTOS = YES_AGGRESSIVE;
				GCC_WARN_UNUSED_FUNCTION = YES;
				GCC_WARN_UNUSED_VARIABLE = YES;
				IPHONEOS_DEPLOYMENT_TARGET = 13.5;
				MTL_ENABLE_DEBUG_INFO = INCLUDE_SOURCE;
				MTL_FAST_MATH = YES;
				ONLY_ACTIVE_ARCH = YES;
				SDKROOT = iphoneos;
				SWIFT_ACTIVE_COMPILATION_CONDITIONS = DEBUG;
				SWIFT_OPTIMIZATION_LEVEL = "-Onone";
			};
			name = Debug;
		};
		89CE63C824C068860036C9AD /* Release */ = {
			isa = XCBuildConfiguration;
			buildSettings = {
				ALWAYS_SEARCH_USER_PATHS = NO;
				CLANG_ANALYZER_NONNULL = YES;
				CLANG_ANALYZER_NUMBER_OBJECT_CONVERSION = YES_AGGRESSIVE;
				CLANG_CXX_LANGUAGE_STANDARD = "gnu++14";
				CLANG_CXX_LIBRARY = "libc++";
				CLANG_ENABLE_MODULES = YES;
				CLANG_ENABLE_OBJC_ARC = YES;
				CLANG_ENABLE_OBJC_WEAK = YES;
				CLANG_WARN_BLOCK_CAPTURE_AUTORELEASING = YES;
				CLANG_WARN_BOOL_CONVERSION = YES;
				CLANG_WARN_COMMA = YES;
				CLANG_WARN_CONSTANT_CONVERSION = YES;
				CLANG_WARN_DEPRECATED_OBJC_IMPLEMENTATIONS = YES;
				CLANG_WARN_DIRECT_OBJC_ISA_USAGE = YES_ERROR;
				CLANG_WARN_DOCUMENTATION_COMMENTS = YES;
				CLANG_WARN_EMPTY_BODY = YES;
				CLANG_WARN_ENUM_CONVERSION = YES;
				CLANG_WARN_INFINITE_RECURSION = YES;
				CLANG_WARN_INT_CONVERSION = YES;
				CLANG_WARN_NON_LITERAL_NULL_CONVERSION = YES;
				CLANG_WARN_OBJC_IMPLICIT_RETAIN_SELF = YES;
				CLANG_WARN_OBJC_LITERAL_CONVERSION = YES;
				CLANG_WARN_OBJC_ROOT_CLASS = YES_ERROR;
				CLANG_WARN_RANGE_LOOP_ANALYSIS = YES;
				CLANG_WARN_STRICT_PROTOTYPES = YES;
				CLANG_WARN_SUSPICIOUS_MOVE = YES;
				CLANG_WARN_UNGUARDED_AVAILABILITY = YES_AGGRESSIVE;
				CLANG_WARN_UNREACHABLE_CODE = YES;
				CLANG_WARN__DUPLICATE_METHOD_MATCH = YES;
				COPY_PHASE_STRIP = NO;
				DEBUG_INFORMATION_FORMAT = "dwarf-with-dsym";
				ENABLE_NS_ASSERTIONS = NO;
				ENABLE_STRICT_OBJC_MSGSEND = YES;
				GCC_C_LANGUAGE_STANDARD = gnu11;
				GCC_NO_COMMON_BLOCKS = YES;
				GCC_WARN_64_TO_32_BIT_CONVERSION = YES;
				GCC_WARN_ABOUT_RETURN_TYPE = YES_ERROR;
				GCC_WARN_UNDECLARED_SELECTOR = YES;
				GCC_WARN_UNINITIALIZED_AUTOS = YES_AGGRESSIVE;
				GCC_WARN_UNUSED_FUNCTION = YES;
				GCC_WARN_UNUSED_VARIABLE = YES;
				IPHONEOS_DEPLOYMENT_TARGET = 13.5;
				MTL_ENABLE_DEBUG_INFO = NO;
				MTL_FAST_MATH = YES;
				SDKROOT = iphoneos;
				SWIFT_COMPILATION_MODE = wholemodule;
				SWIFT_OPTIMIZATION_LEVEL = "-O";
				VALIDATE_PRODUCT = YES;
			};
			name = Release;
		};
		89CE63CA24C068860036C9AD /* Debug */ = {
			isa = XCBuildConfiguration;
			buildSettings = {
				ASSETCATALOG_COMPILER_APPICON_NAME = AppIcon;
				CLANG_ENABLE_MODULES = YES;
				CODE_SIGN_STYLE = Automatic;
				DEVELOPMENT_TEAM = PTML83BD38;
				INFOPLIST_FILE = CExample/Info.plist;
				LD_RUNPATH_SEARCH_PATHS = (
					"$(inherited)",
					"@executable_path/Frameworks",
				);
				PRODUCT_BUNDLE_IDENTIFIER = com.tausifrana.CExample;
				PRODUCT_NAME = "$(TARGET_NAME)";
				SWIFT_OBJC_BRIDGING_HEADER = "CExample/CExample-Bridging-Header.h";
				SWIFT_OPTIMIZATION_LEVEL = "-Onone";
				SWIFT_VERSION = 5.0;
				TARGETED_DEVICE_FAMILY = "1,2";
			};
			name = Debug;
		};
		89CE63CB24C068860036C9AD /* Release */ = {
			isa = XCBuildConfiguration;
			buildSettings = {
				ASSETCATALOG_COMPILER_APPICON_NAME = AppIcon;
				CLANG_ENABLE_MODULES = YES;
				CODE_SIGN_STYLE = Automatic;
				DEVELOPMENT_TEAM = PTML83BD38;
				INFOPLIST_FILE = CExample/Info.plist;
				LD_RUNPATH_SEARCH_PATHS = (
					"$(inherited)",
					"@executable_path/Frameworks",
				);
				PRODUCT_BUNDLE_IDENTIFIER = com.tausifrana.CExample;
				PRODUCT_NAME = "$(TARGET_NAME)";
				SWIFT_OBJC_BRIDGING_HEADER = "CExample/CExample-Bridging-Header.h";
				SWIFT_VERSION = 5.0;
				TARGETED_DEVICE_FAMILY = "1,2";
			};
			name = Release;
		};
/* End XCBuildConfiguration section */

/* Begin XCConfigurationList section */
		89CE63B024C068840036C9AD /* Build configuration list for PBXProject "CExample" */ = {
			isa = XCConfigurationList;
			buildConfigurations = (
				89CE63C724C068860036C9AD /* Debug */,
				89CE63C824C068860036C9AD /* Release */,
			);
			defaultConfigurationIsVisible = 0;
			defaultConfigurationName = Release;
		};
		89CE63C924C068860036C9AD /* Build configuration list for PBXNativeTarget "CExample" */ = {
			isa = XCConfigurationList;
			buildConfigurations = (
				89CE63CA24C068860036C9AD /* Debug */,
				89CE63CB24C068860036C9AD /* Release */,
			);
			defaultConfigurationIsVisible = 0;
			defaultConfigurationName = Release;
		};
/* End XCConfigurationList section */
	};
	rootObject = 89CE63AD24C068840036C9AD /* Project object */;
}
